{
  "nodes": {
    "home-manager": {
      "inputs": {
        "nixpkgs": [
          "nixpkgs"
        ]
      },
      "locked": {
        "lastModified": 1782423922,
        "narHash": "sha256-qPNd6lUohHP5gcJhqQ7rLV87RwIx0xYR2A4Frb9Zjc4=",
        "owner": "nix-community",
        "repo": "home-manager",
        "rev": "5d320ab301cfaaca7d32514f13815d19d109f5f4",
        "type": "github"
      },
      "original": {
        "owner": "nix-community",
        "repo": "home-manager",
        "type": "github"
      }
    },
    "keylock-src": {
      "flake": false,
      "locked": {
        "lastModified": 1744461624,
        "narHash": "sha256-AUjK2idyvvA/206SYK6Jmt1ALq+1IEwcq0JMBI9kbTg=",
        "owner": "kfv",
        "repo": "keylock",
        "rev": "d808c1651d65c3159a8902481e8c75c8aa5c807f",
        "type": "github"
      },
      "original": {
        "owner": "kfv",
        "repo": "keylock",
        "rev": "d808c1651d65c3159a8902481e8c75c8aa5c807f",
        "type": "github"
      }
    },
    "nixpkgs": {
      "locked": {
        "lastModified": 1781577229,
        "narHash": "sha256-lrp67w8AulE9Ks53n27I45ADSzbOCn4H+CNW1Ck8B+8=",
        "owner": "nixos",
        "repo": "nixpkgs",
        "rev": "567a49d1913ce81ac6e9582e3553dd90a955875f",
        "type": "github"
      },
      "original": {
        "owner": "nixos",
        "ref": "nixos-unstable",
        "repo": "nixpkgs",
        "type": "github"
      }
    },
    "nur": {
      "inputs": {
        "nixpkgs": [
          "nixpkgs"
        ],
        "treefmt-nix": "treefmt-nix"
      },
      "locked": {
        "lastModified": 1782822334,
        "narHash": "sha256-dNh489qzsUf2QvliQk5jnc9+fdIyPJs2185/vNSShKg=",
        "owner": "charmbracelet",
        "repo": "nur",
        "rev": "c16b1b21157c231152b382b372cdb857ca526434",
        "type": "github"
      },
      "original": {
        "owner": "charmbracelet",
        "repo": "nur",
        "type": "github"
      }
    },
    "root": {
      "inputs": {
        "home-manager": "home-manager",
        "keylock-src": "keylock-src",
        "nixpkgs": "nixpkgs",
        "nur": "nur",
        "space-vim-dark-src": "space-vim-dark-src"
      }
    },
    "space-vim-dark-src": {
      "flake": false,
      "locked": {
        "lastModified": 1699063957,
        "narHash": "sha256-GafPnqc5WjsxaPCBi6w6/VL9gnJtB/5fhXZamKZsKkA=",
        "owner": "liuchengxu",
        "repo": "space-vim-dark",
        "rev": "0ab698bd2a3959e3bed7691ac55ba4d8abefd143",
        "type": "github"
      },
      "original": {
        "owner": "liuchengxu",
        "repo": "space-vim-dark",
        "rev": "0ab698bd2a3959e3bed7691ac55ba4d8abefd143",
        "type": "github"
      }
    },
    "treefmt-nix": {
      "inputs": {
        "nixpkgs": [
          "nur",
          "nixpkgs"
        ]
      },
      "locked": {
        "lastModified": 1769353635,
        "narHash": "sha256-J0G1ACrUK29M0THPAsz429eZX07GmR9Bs/b0pB3N0dQ=",
        "owner": "numtide",
        "repo": "treefmt-nix",
        "rev": "f46bb205f239b415309f58166f8df6919fa88377",
        "type": "github"
      },
      "original": {
        "owner": "numtide",
        "repo": "treefmt-nix",
        "type": "github"
      }
    }
  },
  "root": "root",
  "version": 7
}
