{
  "nodes": {
    "charmbracelet": {
      "flake": false,
      "locked": {
        "lastModified": 1766428585,
        "narHash": "sha256-sdTxqbxjaS+P6VDNSHwknkGlQ6vMlEpnrLNuLwdep3Y=",
        "owner": "charmbracelet",
        "repo": "nur",
        "rev": "1116a2cbd18cbd95700401926aad9d845a67f8e9",
        "type": "github"
      },
      "original": {
        "owner": "charmbracelet",
        "repo": "nur",
        "type": "github"
      }
    },
    "home-manager": {
      "inputs": {
        "nixpkgs": [
          "nixpkgs"
        ]
      },
      "locked": {
        "lastModified": 1766682973,
        "narHash": "sha256-GKO35onS711ThCxwWcfuvbIBKXwriahGqs+WZuJ3v9E=",
        "owner": "nix-community",
        "repo": "home-manager",
        "rev": "91cdb0e2d574c64fae80d221f4bf09d5592e9ec2",
        "type": "github"
      },
      "original": {
        "owner": "nix-community",
        "repo": "home-manager",
        "type": "github"
      }
    },
    "keylock-src": {
      "flake": false,
      "locked": {
        "lastModified": 1744461624,
        "narHash": "sha256-AUjK2idyvvA/206SYK6Jmt1ALq+1IEwcq0JMBI9kbTg=",
        "owner": "kfv",
        "repo": "keylock",
        "rev": "d808c1651d65c3159a8902481e8c75c8aa5c807f",
        "type": "github"
      },
      "original": {
        "owner": "kfv",
        "repo": "keylock",
        "rev": "d808c1651d65c3159a8902481e8c75c8aa5c807f",
        "type": "github"
      }
    },
    "nixpkgs": {
      "locked": {
        "lastModified": 1766651565,
        "narHash": "sha256-QEhk0eXgyIqTpJ/ehZKg9IKS7EtlWxF3N7DXy42zPfU=",
        "owner": "nixos",
        "repo": "nixpkgs",
        "rev": "3e2499d5539c16d0d173ba53552a4ff8547f4539",
        "type": "github"
      },
      "original": {
        "owner": "nixos",
        "ref": "nixos-unstable",
        "repo": "nixpkgs",
        "type": "github"
      }
    },
    "root": {
      "inputs": {
        "charmbracelet": "charmbracelet",
        "home-manager": "home-manager",
        "keylock-src": "keylock-src",
        "nixpkgs": "nixpkgs",
        "space-vim-dark-src": "space-vim-dark-src"
      }
    },
    "space-vim-dark-src": {
      "flake": false,
      "locked": {
        "lastModified": 1699063957,
        "narHash": "sha256-GafPnqc5WjsxaPCBi6w6/VL9gnJtB/5fhXZamKZsKkA=",
        "owner": "liuchengxu",
        "repo": "space-vim-dark",
        "rev": "0ab698bd2a3959e3bed7691ac55ba4d8abefd143",
        "type": "github"
      },
      "original": {
        "owner": "liuchengxu",
        "repo": "space-vim-dark",
        "rev": "0ab698bd2a3959e3bed7691ac55ba4d8abefd143",
        "type": "github"
      }
    }
  },
  "root": "root",
  "version": 7
}
