{
  "nodes": {
    "home-manager": {
      "inputs": {
        "nixpkgs": [
          "nixpkgs"
        ]
      },
      "locked": {
        "lastModified": 1785531816,
        "narHash": "sha256-vkMnV0JIyw+g/NmcfoajlGaAO+9a0ezia+FZohQJrik=",
        "owner": "nix-community",
        "repo": "home-manager",
        "rev": "bf9ce9fec78f95f374e8dd3b503863a3ec128ebe",
        "type": "github"
      },
      "original": {
        "owner": "nix-community",
        "repo": "home-manager",
        "type": "github"
      }
    },
    "keylock-src": {
      "flake": false,
      "locked": {
        "lastModified": 1744461624,
        "narHash": "sha256-AUjK2idyvvA/206SYK6Jmt1ALq+1IEwcq0JMBI9kbTg=",
        "owner": "kfv",
        "repo": "keylock",
        "rev": "d808c1651d65c3159a8902481e8c75c8aa5c807f",
        "type": "github"
      },
      "original": {
        "owner": "kfv",
        "repo": "keylock",
        "rev": "d808c1651d65c3159a8902481e8c75c8aa5c807f",
        "type": "github"
      }
    },
    "nixpkgs": {
      "locked": {
        "lastModified": 1785571196,
        "narHash": "sha256-KoTsyMQqnXQZq8deCEnu4QkyldkwH/bpMMhUcfMdGIw=",
        "owner": "nixos",
        "repo": "nixpkgs",
        "rev": "148bab9c1c3c53136ecb44a6ea356a0ed5b39b06",
        "type": "github"
      },
      "original": {
        "owner": "nixos",
        "ref": "nixos-unstable",
        "repo": "nixpkgs",
        "type": "github"
      }
    },
    "nur": {
      "inputs": {
        "nixpkgs": [
          "nixpkgs"
        ],
        "treefmt-nix": "treefmt-nix"
      },
      "locked": {
        "lastModified": 1785605734,
        "narHash": "sha256-wfQPXddQ6aoMOBmKQgWSn/fCAi2bg3QzTpMSA+PL3jQ=",
        "owner": "charmbracelet",
        "repo": "nur",
        "rev": "cd337c925c6e414c124c934d3c32fa57b43dd6eb",
        "type": "github"
      },
      "original": {
        "owner": "charmbracelet",
        "repo": "nur",
        "type": "github"
      }
    },
    "root": {
      "inputs": {
        "home-manager": "home-manager",
        "keylock-src": "keylock-src",
        "nixpkgs": "nixpkgs",
        "nur": "nur",
        "space-vim-dark-src": "space-vim-dark-src"
      }
    },
    "space-vim-dark-src": {
      "flake": false,
      "locked": {
        "lastModified": 1699063957,
        "narHash": "sha256-GafPnqc5WjsxaPCBi6w6/VL9gnJtB/5fhXZamKZsKkA=",
        "owner": "liuchengxu",
        "repo": "space-vim-dark",
        "rev": "0ab698bd2a3959e3bed7691ac55ba4d8abefd143",
        "type": "github"
      },
      "original": {
        "owner": "liuchengxu",
        "repo": "space-vim-dark",
        "rev": "0ab698bd2a3959e3bed7691ac55ba4d8abefd143",
        "type": "github"
      }
    },
    "treefmt-nix": {
      "inputs": {
        "nixpkgs": [
          "nur",
          "nixpkgs"
        ]
      },
      "locked": {
        "lastModified": 1769353635,
        "narHash": "sha256-J0G1ACrUK29M0THPAsz429eZX07GmR9Bs/b0pB3N0dQ=",
        "owner": "numtide",
        "repo": "treefmt-nix",
        "rev": "f46bb205f239b415309f58166f8df6919fa88377",
        "type": "github"
      },
      "original": {
        "owner": "numtide",
        "repo": "treefmt-nix",
        "type": "github"
      }
    }
  },
  "root": "root",
  "version": 7
}
